
Microsoft Visual Studio Solution File, Format Version 12.00
# Visual Studio 15
VisualStudioVersion = 15.0.28307.902
MinimumVisualStudioVersion = 10.0.40219.1
Project("{FAE04EC0-301F-11D3-BF4B-00C04F79EFBC}") = "GraniteHouse", "GraniteHouse\GraniteHouse.csproj", "{6385DE27-A3F6-4B11-BE2E-B240D9C0B031}"
EndProject
Global
	GlobalSection(SolutionConfigurationPlatforms) = preSolution
		Debug|Any CPU = Debug|Any CPU
		Release|Any CPU = Release|Any CPU
	EndGlobalSection
	GlobalSection(ProjectConfigurationPlatforms) = postSolution
		{6385DE27-A3F6-4B11-BE2E-B240D9C0B031}.Debug|Any CPU.ActiveCfg = Debug|Any CPU
		{6385DE27-A3F6-4B11-BE2E-B240D9C0B031}.Debug|Any CPU.Build.0 = Debug|Any CPU
		{6385DE27-A3F6-4B11-BE2E-B240D9C0B031}.Release|Any CPU.ActiveCfg = Release|Any CPU
		{6385DE27-A3F6-4B11-BE2E-B240D9C0B031}.Release|Any CPU.Build.0 = Release|Any CPU
	EndGlobalSection
	GlobalSection(SolutionProperties) = preSolution
		HideSolutionNode = FALSE
	EndGlobalSection
	GlobalSection(ExtensibilityGlobals) = postSolution
		SolutionGuid = {A0DE0251-0524-4ED6-9C6D-94ADAA26C633}
	EndGlobalSection
EndGlobal
